// !$*UTF8*$!
{
	archiveVersion = 1;
	classes = {
	};
	objectVersion = 46;
	objects = {

/* Begin PBXBuildFile section */
		4C48D4D91D4AF5A900322116 /* main.m in Sources */ = {isa = PBXBuildFile; fileRef = 4C48D4D81D4AF5A900322116 /* main.m */; };
		4C48D4DC1D4AF5A900322116 /* AppDelegate.m in Sources */ = {isa = PBXBuildFile; fileRef = 4C48D4DB1D4AF5A900322116 /* AppDelegate.m */; };
		4C48D4DF1D4AF5A900322116 /* ViewController.m in Sources */ = {isa = PBXBuildFile; fileRef = 4C48D4DE1D4AF5A900322116 /* ViewController.m */; };
		4C48D4E21D4AF5A900322116 /* Main.storyboard in Resources */ = {isa = PBXBuildFile; fileRef = 4C48D4E01D4AF5A900322116 /* Main.storyboard */; };
		4C48D4E41D4AF5A900322116 /* Assets.xcassets in Resources */ = {isa = PBXBuildFile; fileRef = 4C48D4E31D4AF5A900322116 /* Assets.xcassets */; };
		4C48D4E71D4AF5A900322116 /* LaunchScreen.storyboard in Resources */ = {isa = PBXBuildFile; fileRef = 4C48D4E51D4AF5A900322116 /* LaunchScreen.storyboard */; };
		4C48D4F21D4AF5A900322116 /* KBLivePlayerTests.m in Sources */ = {isa = PBXBuildFile; fileRef = 4C48D4F11D4AF5A900322116 /* KBLivePlayerTests.m */; };
		4C48D4FD1D4AF5A900322116 /* KBLivePlayerUITests.m in Sources */ = {isa = PBXBuildFile; fileRef = 4C48D4FC1D4AF5A900322116 /* KBLivePlayerUITests.m */; };
		4C48D51B1D4AFD2700322116 /* amf.c in Sources */ = {isa = PBXBuildFile; fileRef = 4C48D50B1D4AFD2700322116 /* amf.c */; };
		4C48D51C1D4AFD2700322116 /* error.c in Sources */ = {isa = PBXBuildFile; fileRef = 4C48D5101D4AFD2700322116 /* error.c */; };
		4C48D51D1D4AFD2700322116 /* hashswf.c in Sources */ = {isa = PBXBuildFile; fileRef = 4C48D5131D4AFD2700322116 /* hashswf.c */; };
		4C48D51E1D4AFD2700322116 /* log.c in Sources */ = {isa = PBXBuildFile; fileRef = 4C48D5151D4AFD2700322116 /* log.c */; };
		4C48D51F1D4AFD2700322116 /* parseurl.c in Sources */ = {isa = PBXBuildFile; fileRef = 4C48D5171D4AFD2700322116 /* parseurl.c */; };
		4C48D5201D4AFD2700322116 /* rtmp.c in Sources */ = {isa = PBXBuildFile; fileRef = 4C48D5181D4AFD2700322116 /* rtmp.c */; };
		4C48D5231D4AFDF000322116 /* KBLivePreview.m in Sources */ = {isa = PBXBuildFile; fileRef = 4C48D5221D4AFDF000322116 /* KBLivePreview.m */; };
		4C48D5271D4AFEC900322116 /* KBLiveSession.m in Sources */ = {isa = PBXBuildFile; fileRef = 4C48D5261D4AFEC900322116 /* KBLiveSession.m */; };
		4C48D52B1D4AFF9200322116 /* KBLiveStreamInfo.m in Sources */ = {isa = PBXBuildFile; fileRef = 4C48D52A1D4AFF9200322116 /* KBLiveStreamInfo.m */; };
		4C48D52F1D4B003D00322116 /* KBLiveAudioConfiguration.m in Sources */ = {isa = PBXBuildFile; fileRef = 4C48D52E1D4B003D00322116 /* KBLiveAudioConfiguration.m */; };
		4C48D5321D4B005500322116 /* KBLiveVideoConfiguration.m in Sources */ = {isa = PBXBuildFile; fileRef = 4C48D5311D4B005500322116 /* KBLiveVideoConfiguration.m */; };
		4C48D5371D4B06D500322116 /* KBStreamRtmpSocket.m in Sources */ = {isa = PBXBuildFile; fileRef = 4C48D5361D4B06D500322116 /* KBStreamRtmpSocket.m */; };
/* End PBXBuildFile section */

/* Begin PBXContainerItemProxy section */
		4C48D4EE1D4AF5A900322116 /* PBXContainerItemProxy */ = {
			isa = PBXContainerItemProxy;
			containerPortal = 4C48D4CC1D4AF5A900322116 /* Project object */;
			proxyType = 1;
			remoteGlobalIDString = 4C48D4D31D4AF5A900322116;
			remoteInfo = KBLivePlayer;
		};
		4C48D4F91D4AF5A900322116 /* PBXContainerItemProxy */ = {
			isa = PBXContainerItemProxy;
			containerPortal = 4C48D4CC1D4AF5A900322116 /* Project object */;
			proxyType = 1;
			remoteGlobalIDString = 4C48D4D31D4AF5A900322116;
			remoteInfo = KBLivePlayer;
		};
/* End PBXContainerItemProxy section */

/* Begin PBXFileReference section */
		4C48D4D41D4AF5A900322116 /* KBLivePlayer.app */ = {isa = PBXFileReference; explicitFileType = wrapper.application; includeInIndex = 0; path = KBLivePlayer.app; sourceTree = BUILT_PRODUCTS_DIR; };
		4C48D4D81D4AF5A900322116 /* main.m */ = {isa = PBXFileReference; lastKnownFileType = sourcecode.c.objc; path = main.m; sourceTree = "<group>"; };
		4C48D4DA1D4AF5A900322116 /* AppDelegate.h */ = {isa = PBXFileReference; lastKnownFileType = sourcecode.c.h; path = AppDelegate.h; sourceTree = "<group>"; };
		4C48D4DB1D4AF5A900322116 /* AppDelegate.m */ = {isa = PBXFileReference; lastKnownFileType = sourcecode.c.objc; path = AppDelegate.m; sourceTree = "<group>"; };
		4C48D4DD1D4AF5A900322116 /* ViewController.h */ = {isa = PBXFileReference; lastKnownFileType = sourcecode.c.h; path = ViewController.h; sourceTree = "<group>"; };
		4C48D4DE1D4AF5A900322116 /* ViewController.m */ = {isa = PBXFileReference; lastKnownFileType = sourcecode.c.objc; path = ViewController.m; sourceTree = "<group>"; };
		4C48D4E11D4AF5A900322116 /* Base */ = {isa = PBXFileReference; lastKnownFileType = file.storyboard; name = Base; path = Base.lproj/Main.storyboard; sourceTree = "<group>"; };
		4C48D4E31D4AF5A900322116 /* Assets.xcassets */ = {isa = PBXFileReference; lastKnownFileType = folder.assetcatalog; path = Assets.xcassets; sourceTree = "<group>"; };
		4C48D4E61D4AF5A900322116 /* Base */ = {isa = PBXFileReference; lastKnownFileType = file.storyboard; name = Base; path = Base.lproj/LaunchScreen.storyboard; sourceTree = "<group>"; };
		4C48D4E81D4AF5A900322116 /* Info.plist */ = {isa = PBXFileReference; lastKnownFileType = text.plist.xml; path = Info.plist; sourceTree = "<group>"; };
		4C48D4ED1D4AF5A900322116 /* KBLivePlayerTests.xctest */ = {isa = PBXFileReference; explicitFileType = wrapper.cfbundle; includeInIndex = 0; path = KBLivePlayerTests.xctest; sourceTree = BUILT_PRODUCTS_DIR; };
		4C48D4F11D4AF5A900322116 /* KBLivePlayerTests.m */ = {isa = PBXFileReference; lastKnownFileType = sourcecode.c.objc; path = KBLivePlayerTests.m; sourceTree = "<group>"; };
		4C48D4F31D4AF5A900322116 /* Info.plist */ = {isa = PBXFileReference; lastKnownFileType = text.plist.xml; path = Info.plist; sourceTree = "<group>"; };
		4C48D4F81D4AF5A900322116 /* KBLivePlayerUITests.xctest */ = {isa = PBXFileReference; explicitFileType = wrapper.cfbundle; includeInIndex = 0; path = KBLivePlayerUITests.xctest; sourceTree = BUILT_PRODUCTS_DIR; };
		4C48D4FC1D4AF5A900322116 /* KBLivePlayerUITests.m */ = {isa = PBXFileReference; lastKnownFileType = sourcecode.c.objc; path = KBLivePlayerUITests.m; sourceTree = "<group>"; };
		4C48D4FE1D4AF5A900322116 /* Info.plist */ = {isa = PBXFileReference; lastKnownFileType = text.plist.xml; path = Info.plist; sourceTree = "<group>"; };
		4C48D50B1D4AFD2700322116 /* amf.c */ = {isa = PBXFileReference; fileEncoding = 4; lastKnownFileType = sourcecode.c.c; path = amf.c; sourceTree = "<group>"; };
		4C48D50C1D4AFD2700322116 /* amf.h */ = {isa = PBXFileReference; fileEncoding = 4; lastKnownFileType = sourcecode.c.h; path = amf.h; sourceTree = "<group>"; };
		4C48D50D1D4AFD2700322116 /* bytes.h */ = {isa = PBXFileReference; fileEncoding = 4; lastKnownFileType = sourcecode.c.h; path = bytes.h; sourceTree = "<group>"; };
		4C48D50E1D4AFD2700322116 /* dh.h */ = {isa = PBXFileReference; fileEncoding = 4; lastKnownFileType = sourcecode.c.h; path = dh.h; sourceTree = "<group>"; };
		4C48D50F1D4AFD2700322116 /* dhgroups.h */ = {isa = PBXFileReference; fileEncoding = 4; lastKnownFileType = sourcecode.c.h; path = dhgroups.h; sourceTree = "<group>"; };
		4C48D5101D4AFD2700322116 /* error.c */ = {isa = PBXFileReference; fileEncoding = 4; lastKnownFileType = sourcecode.c.c; path = error.c; sourceTree = "<group>"; };
		4C48D5111D4AFD2700322116 /* error.h */ = {isa = PBXFileReference; fileEncoding = 4; lastKnownFileType = sourcecode.c.h; path = error.h; sourceTree = "<group>"; };
		4C48D5121D4AFD2700322116 /* handshake.h */ = {isa = PBXFileReference; fileEncoding = 4; lastKnownFileType = sourcecode.c.h; path = handshake.h; sourceTree = "<group>"; };
		4C48D5131D4AFD2700322116 /* hashswf.c */ = {isa = PBXFileReference; fileEncoding = 4; lastKnownFileType = sourcecode.c.c; path = hashswf.c; sourceTree = "<group>"; };
		4C48D5141D4AFD2700322116 /* http.h */ = {isa = PBXFileReference; fileEncoding = 4; lastKnownFileType = sourcecode.c.h; path = http.h; sourceTree = "<group>"; };
		4C48D5151D4AFD2700322116 /* log.c */ = {isa = PBXFileReference; fileEncoding = 4; lastKnownFileType = sourcecode.c.c; path = log.c; sourceTree = "<group>"; };
		4C48D5161D4AFD2700322116 /* log.h */ = {isa = PBXFileReference; fileEncoding = 4; lastKnownFileType = sourcecode.c.h; path = log.h; sourceTree = "<group>"; };
		4C48D5171D4AFD2700322116 /* parseurl.c */ = {isa = PBXFileReference; fileEncoding = 4; lastKnownFileType = sourcecode.c.c; path = parseurl.c; sourceTree = "<group>"; };
		4C48D5181D4AFD2700322116 /* rtmp.c */ = {isa = PBXFileReference; fileEncoding = 4; lastKnownFileType = sourcecode.c.c; path = rtmp.c; sourceTree = "<group>"; };
		4C48D5191D4AFD2700322116 /* rtmp.h */ = {isa = PBXFileReference; fileEncoding = 4; lastKnownFileType = sourcecode.c.h; path = rtmp.h; sourceTree = "<group>"; };
		4C48D51A1D4AFD2700322116 /* rtmp_sys.h */ = {isa = PBXFileReference; fileEncoding = 4; lastKnownFileType = sourcecode.c.h; path = rtmp_sys.h; sourceTree = "<group>"; };
		4C48D5211D4AFDF000322116 /* KBLivePreview.h */ = {isa = PBXFileReference; fileEncoding = 4; lastKnownFileType = sourcecode.c.h; path = KBLivePreview.h; sourceTree = "<group>"; };
		4C48D5221D4AFDF000322116 /* KBLivePreview.m */ = {isa = PBXFileReference; fileEncoding = 4; lastKnownFileType = sourcecode.c.objc; path = KBLivePreview.m; sourceTree = "<group>"; };
		4C48D5251D4AFEC900322116 /* KBLiveSession.h */ = {isa = PBXFileReference; fileEncoding = 4; lastKnownFileType = sourcecode.c.h; path = KBLiveSession.h; sourceTree = "<group>"; };
		4C48D5261D4AFEC900322116 /* KBLiveSession.m */ = {isa = PBXFileReference; fileEncoding = 4; lastKnownFileType = sourcecode.c.objc; path = KBLiveSession.m; sourceTree = "<group>"; };
		4C48D5291D4AFF9200322116 /* KBLiveStreamInfo.h */ = {isa = PBXFileReference; fileEncoding = 4; lastKnownFileType = sourcecode.c.h; path = KBLiveStreamInfo.h; sourceTree = "<group>"; };
		4C48D52A1D4AFF9200322116 /* KBLiveStreamInfo.m */ = {isa = PBXFileReference; fileEncoding = 4; lastKnownFileType = sourcecode.c.objc; path = KBLiveStreamInfo.m; sourceTree = "<group>"; };
		4C48D52D1D4B003D00322116 /* KBLiveAudioConfiguration.h */ = {isa = PBXFileReference; fileEncoding = 4; lastKnownFileType = sourcecode.c.h; path = KBLiveAudioConfiguration.h; sourceTree = "<group>"; };
		4C48D52E1D4B003D00322116 /* KBLiveAudioConfiguration.m */ = {isa = PBXFileReference; fileEncoding = 4; lastKnownFileType = sourcecode.c.objc; path = KBLiveAudioConfiguration.m; sourceTree = "<group>"; };
		4C48D5301D4B005500322116 /* KBLiveVideoConfiguration.h */ = {isa = PBXFileReference; fileEncoding = 4; lastKnownFileType = sourcecode.c.h; path = KBLiveVideoConfiguration.h; sourceTree = "<group>"; };
		4C48D5311D4B005500322116 /* KBLiveVideoConfiguration.m */ = {isa = PBXFileReference; fileEncoding = 4; lastKnownFileType = sourcecode.c.objc; path = KBLiveVideoConfiguration.m; sourceTree = "<group>"; };
		4C48D5341D4B05C400322116 /* KBStreamSocket.h */ = {isa = PBXFileReference; fileEncoding = 4; lastKnownFileType = sourcecode.c.h; path = KBStreamSocket.h; sourceTree = "<group>"; };
		4C48D5351D4B06D500322116 /* KBStreamRtmpSocket.h */ = {isa = PBXFileReference; fileEncoding = 4; lastKnownFileType = sourcecode.c.h; path = KBStreamRtmpSocket.h; sourceTree = "<group>"; };
		4C48D5361D4B06D500322116 /* KBStreamRtmpSocket.m */ = {isa = PBXFileReference; fileEncoding = 4; lastKnownFileType = sourcecode.c.objc; path = KBStreamRtmpSocket.m; sourceTree = "<group>"; };
/* End PBXFileReference section */

/* Begin PBXFrameworksBuildPhase section */
		4C48D4D11D4AF5A900322116 /* Frameworks */ = {
			isa = PBXFrameworksBuildPhase;
			buildActionMask = 2147483647;
			files = (
			);
			runOnlyForDeploymentPostprocessing = 0;
		};
		4C48D4EA1D4AF5A900322116 /* Frameworks */ = {
			isa = PBXFrameworksBuildPhase;
			buildActionMask = 2147483647;
			files = (
			);
			runOnlyForDeploymentPostprocessing = 0;
		};
		4C48D4F51D4AF5A900322116 /* Frameworks */ = {
			isa = PBXFrameworksBuildPhase;
			buildActionMask = 2147483647;
			files = (
			);
			runOnlyForDeploymentPostprocessing = 0;
		};
/* End PBXFrameworksBuildPhase section */

/* Begin PBXGroup section */
		4C48D4CB1D4AF5A900322116 = {
			isa = PBXGroup;
			children = (
				4C48D4D61D4AF5A900322116 /* KBLivePlayer */,
				4C48D4F01D4AF5A900322116 /* KBLivePlayerTests */,
				4C48D4FB1D4AF5A900322116 /* KBLivePlayerUITests */,
				4C48D4D51D4AF5A900322116 /* Products */,
			);
			sourceTree = "<group>";
		};
		4C48D4D51D4AF5A900322116 /* Products */ = {
			isa = PBXGroup;
			children = (
				4C48D4D41D4AF5A900322116 /* KBLivePlayer.app */,
				4C48D4ED1D4AF5A900322116 /* KBLivePlayerTests.xctest */,
				4C48D4F81D4AF5A900322116 /* KBLivePlayerUITests.xctest */,
			);
			name = Products;
			sourceTree = "<group>";
		};
		4C48D4D61D4AF5A900322116 /* KBLivePlayer */ = {
			isa = PBXGroup;
			children = (
				4C48D4DA1D4AF5A900322116 /* AppDelegate.h */,
				4C48D4DB1D4AF5A900322116 /* AppDelegate.m */,
				4C48D4DD1D4AF5A900322116 /* ViewController.h */,
				4C48D4DE1D4AF5A900322116 /* ViewController.m */,
				4C48D5211D4AFDF000322116 /* KBLivePreview.h */,
				4C48D5221D4AFDF000322116 /* KBLivePreview.m */,
				4C48D5241D4AFEAE00322116 /* KBLiveKit */,
				4C48D4E01D4AF5A900322116 /* Main.storyboard */,
				4C48D4E31D4AF5A900322116 /* Assets.xcassets */,
				4C48D4E51D4AF5A900322116 /* LaunchScreen.storyboard */,
				4C48D4E81D4AF5A900322116 /* Info.plist */,
				4C48D4D71D4AF5A900322116 /* Supporting Files */,
			);
			path = KBLivePlayer;
			sourceTree = "<group>";
		};
		4C48D4D71D4AF5A900322116 /* Supporting Files */ = {
			isa = PBXGroup;
			children = (
				4C48D50A1D4AFD2700322116 /* pili-librtmp */,
				4C48D4D81D4AF5A900322116 /* main.m */,
			);
			name = "Supporting Files";
			sourceTree = "<group>";
		};
		4C48D4F01D4AF5A900322116 /* KBLivePlayerTests */ = {
			isa = PBXGroup;
			children = (
				4C48D4F11D4AF5A900322116 /* KBLivePlayerTests.m */,
				4C48D4F31D4AF5A900322116 /* Info.plist */,
			);
			path = KBLivePlayerTests;
			sourceTree = "<group>";
		};
		4C48D4FB1D4AF5A900322116 /* KBLivePlayerUITests */ = {
			isa = PBXGroup;
			children = (
				4C48D4FC1D4AF5A900322116 /* KBLivePlayerUITests.m */,
				4C48D4FE1D4AF5A900322116 /* Info.plist */,
			);
			path = KBLivePlayerUITests;
			sourceTree = "<group>";
		};
		4C48D50A1D4AFD2700322116 /* pili-librtmp */ = {
			isa = PBXGroup;
			children = (
				4C48D50B1D4AFD2700322116 /* amf.c */,
				4C48D50C1D4AFD2700322116 /* amf.h */,
				4C48D50D1D4AFD2700322116 /* bytes.h */,
				4C48D50E1D4AFD2700322116 /* dh.h */,
				4C48D50F1D4AFD2700322116 /* dhgroups.h */,
				4C48D5101D4AFD2700322116 /* error.c */,
				4C48D5111D4AFD2700322116 /* error.h */,
				4C48D5121D4AFD2700322116 /* handshake.h */,
				4C48D5131D4AFD2700322116 /* hashswf.c */,
				4C48D5141D4AFD2700322116 /* http.h */,
				4C48D5151D4AFD2700322116 /* log.c */,
				4C48D5161D4AFD2700322116 /* log.h */,
				4C48D5171D4AFD2700322116 /* parseurl.c */,
				4C48D5181D4AFD2700322116 /* rtmp.c */,
				4C48D5191D4AFD2700322116 /* rtmp.h */,
				4C48D51A1D4AFD2700322116 /* rtmp_sys.h */,
			);
			path = "pili-librtmp";
			sourceTree = "<group>";
		};
		4C48D5241D4AFEAE00322116 /* KBLiveKit */ = {
			isa = PBXGroup;
			children = (
				4C48D5251D4AFEC900322116 /* KBLiveSession.h */,
				4C48D5261D4AFEC900322116 /* KBLiveSession.m */,
				4C48D5331D4B03CA00322116 /* publishAndReceive */,
				4C48D52C1D4B002700322116 /* configuration */,
				4C48D5281D4AFF7B00322116 /* objects */,
			);
			path = KBLiveKit;
			sourceTree = "<group>";
		};
		4C48D5281D4AFF7B00322116 /* objects */ = {
			isa = PBXGroup;
			children = (
				4C48D5291D4AFF9200322116 /* KBLiveStreamInfo.h */,
				4C48D52A1D4AFF9200322116 /* KBLiveStreamInfo.m */,
			);
			path = objects;
			sourceTree = "<group>";
		};
		4C48D52C1D4B002700322116 /* configuration */ = {
			isa = PBXGroup;
			children = (
				4C48D52D1D4B003D00322116 /* KBLiveAudioConfiguration.h */,
				4C48D52E1D4B003D00322116 /* KBLiveAudioConfiguration.m */,
				4C48D5301D4B005500322116 /* KBLiveVideoConfiguration.h */,
				4C48D5311D4B005500322116 /* KBLiveVideoConfiguration.m */,
			);
			path = configuration;
			sourceTree = "<group>";
		};
		4C48D5331D4B03CA00322116 /* publishAndReceive */ = {
			isa = PBXGroup;
			children = (
				4C48D5341D4B05C400322116 /* KBStreamSocket.h */,
				4C48D5351D4B06D500322116 /* KBStreamRtmpSocket.h */,
				4C48D5361D4B06D500322116 /* KBStreamRtmpSocket.m */,
			);
			path = publishAndReceive;
			sourceTree = "<group>";
		};
/* End PBXGroup section */

/* Begin PBXNativeTarget section */
		4C48D4D31D4AF5A900322116 /* KBLivePlayer */ = {
			isa = PBXNativeTarget;
			buildConfigurationList = 4C48D5011D4AF5A900322116 /* Build configuration list for PBXNativeTarget "KBLivePlayer" */;
			buildPhases = (
				4C48D4D01D4AF5A900322116 /* Sources */,
				4C48D4D11D4AF5A900322116 /* Frameworks */,
				4C48D4D21D4AF5A900322116 /* Resources */,
			);
			buildRules = (
			);
			dependencies = (
			);
			name = KBLivePlayer;
			productName = KBLivePlayer;
			productReference = 4C48D4D41D4AF5A900322116 /* KBLivePlayer.app */;
			productType = "com.apple.product-type.application";
		};
		4C48D4EC1D4AF5A900322116 /* KBLivePlayerTests */ = {
			isa = PBXNativeTarget;
			buildConfigurationList = 4C48D5041D4AF5A900322116 /* Build configuration list for PBXNativeTarget "KBLivePlayerTests" */;
			buildPhases = (
				4C48D4E91D4AF5A900322116 /* Sources */,
				4C48D4EA1D4AF5A900322116 /* Frameworks */,
				4C48D4EB1D4AF5A900322116 /* Resources */,
			);
			buildRules = (
			);
			dependencies = (
				4C48D4EF1D4AF5A900322116 /* PBXTargetDependency */,
			);
			name = KBLivePlayerTests;
			productName = KBLivePlayerTests;
			productReference = 4C48D4ED1D4AF5A900322116 /* KBLivePlayerTests.xctest */;
			productType = "com.apple.product-type.bundle.unit-test";
		};
		4C48D4F71D4AF5A900322116 /* KBLivePlayerUITests */ = {
			isa = PBXNativeTarget;
			buildConfigurationList = 4C48D5071D4AF5A900322116 /* Build configuration list for PBXNativeTarget "KBLivePlayerUITests" */;
			buildPhases = (
				4C48D4F41D4AF5A900322116 /* Sources */,
				4C48D4F51D4AF5A900322116 /* Frameworks */,
				4C48D4F61D4AF5A900322116 /* Resources */,
			);
			buildRules = (
			);
			dependencies = (
				4C48D4FA1D4AF5A900322116 /* PBXTargetDependency */,
			);
			name = KBLivePlayerUITests;
			productName = KBLivePlayerUITests;
			productReference = 4C48D4F81D4AF5A900322116 /* KBLivePlayerUITests.xctest */;
			productType = "com.apple.product-type.bundle.ui-testing";
		};
/* End PBXNativeTarget section */

/* Begin PBXProject section */
		4C48D4CC1D4AF5A900322116 /* Project object */ = {
			isa = PBXProject;
			attributes = {
				LastUpgradeCheck = 0730;
				ORGANIZATIONNAME = "Gan Tian";
				TargetAttributes = {
					4C48D4D31D4AF5A900322116 = {
						CreatedOnToolsVersion = 7.3.1;
					};
					4C48D4EC1D4AF5A900322116 = {
						CreatedOnToolsVersion = 7.3.1;
						TestTargetID = 4C48D4D31D4AF5A900322116;
					};
					4C48D4F71D4AF5A900322116 = {
						CreatedOnToolsVersion = 7.3.1;
						TestTargetID = 4C48D4D31D4AF5A900322116;
					};
				};
			};
			buildConfigurationList = 4C48D4CF1D4AF5A900322116 /* Build configuration list for PBXProject "KBLivePlayer" */;
			compatibilityVersion = "Xcode 3.2";
			developmentRegion = English;
			hasScannedForEncodings = 0;
			knownRegions = (
				en,
				Base,
			);
			mainGroup = 4C48D4CB1D4AF5A900322116;
			productRefGroup = 4C48D4D51D4AF5A900322116 /* Products */;
			projectDirPath = "";
			projectRoot = "";
			targets = (
				4C48D4D31D4AF5A900322116 /* KBLivePlayer */,
				4C48D4EC1D4AF5A900322116 /* KBLivePlayerTests */,
				4C48D4F71D4AF5A900322116 /* KBLivePlayerUITests */,
			);
		};
/* End PBXProject section */

/* Begin PBXResourcesBuildPhase section */
		4C48D4D21D4AF5A900322116 /* Resources */ = {
			isa = PBXResourcesBuildPhase;
			buildActionMask = 2147483647;
			files = (
				4C48D4E71D4AF5A900322116 /* LaunchScreen.storyboard in Resources */,
				4C48D4E41D4AF5A900322116 /* Assets.xcassets in Resources */,
				4C48D4E21D4AF5A900322116 /* Main.storyboard in Resources */,
			);
			runOnlyForDeploymentPostprocessing = 0;
		};
		4C48D4EB1D4AF5A900322116 /* Resources */ = {
			isa = PBXResourcesBuildPhase;
			buildActionMask = 2147483647;
			files = (
			);
			runOnlyForDeploymentPostprocessing = 0;
		};
		4C48D4F61D4AF5A900322116 /* Resources */ = {
			isa = PBXResourcesBuildPhase;
			buildActionMask = 2147483647;
			files = (
			);
			runOnlyForDeploymentPostprocessing = 0;
		};
/* End PBXResourcesBuildPhase section */

/* Begin PBXSourcesBuildPhase section */
		4C48D4D01D4AF5A900322116 /* Sources */ = {
			isa = PBXSourcesBuildPhase;
			buildActionMask = 2147483647;
			files = (
				4C48D4DF1D4AF5A900322116 /* ViewController.m in Sources */,
				4C48D51F1D4AFD2700322116 /* parseurl.c in Sources */,
				4C48D4DC1D4AF5A900322116 /* AppDelegate.m in Sources */,
				4C48D5271D4AFEC900322116 /* KBLiveSession.m in Sources */,
				4C48D51D1D4AFD2700322116 /* hashswf.c in Sources */,
				4C48D51B1D4AFD2700322116 /* amf.c in Sources */,
				4C48D5371D4B06D500322116 /* KBStreamRtmpSocket.m in Sources */,
				4C48D51E1D4AFD2700322116 /* log.c in Sources */,
				4C48D52F1D4B003D00322116 /* KBLiveAudioConfiguration.m in Sources */,
				4C48D4D91D4AF5A900322116 /* main.m in Sources */,
				4C48D5231D4AFDF000322116 /* KBLivePreview.m in Sources */,
				4C48D51C1D4AFD2700322116 /* error.c in Sources */,
				4C48D5321D4B005500322116 /* KBLiveVideoConfiguration.m in Sources */,
				4C48D52B1D4AFF9200322116 /* KBLiveStreamInfo.m in Sources */,
				4C48D5201D4AFD2700322116 /* rtmp.c in Sources */,
			);
			runOnlyForDeploymentPostprocessing = 0;
		};
		4C48D4E91D4AF5A900322116 /* Sources */ = {
			isa = PBXSourcesBuildPhase;
			buildActionMask = 2147483647;
			files = (
				4C48D4F21D4AF5A900322116 /* KBLivePlayerTests.m in Sources */,
			);
			runOnlyForDeploymentPostprocessing = 0;
		};
		4C48D4F41D4AF5A900322116 /* Sources */ = {
			isa = PBXSourcesBuildPhase;
			buildActionMask = 2147483647;
			files = (
				4C48D4FD1D4AF5A900322116 /* KBLivePlayerUITests.m in Sources */,
			);
			runOnlyForDeploymentPostprocessing = 0;
		};
/* End PBXSourcesBuildPhase section */

/* Begin PBXTargetDependency section */
		4C48D4EF1D4AF5A900322116 /* PBXTargetDependency */ = {
			isa = PBXTargetDependency;
			target = 4C48D4D31D4AF5A900322116 /* KBLivePlayer */;
			targetProxy = 4C48D4EE1D4AF5A900322116 /* PBXContainerItemProxy */;
		};
		4C48D4FA1D4AF5A900322116 /* PBXTargetDependency */ = {
			isa = PBXTargetDependency;
			target = 4C48D4D31D4AF5A900322116 /* KBLivePlayer */;
			targetProxy = 4C48D4F91D4AF5A900322116 /* PBXContainerItemProxy */;
		};
/* End PBXTargetDependency section */

/* Begin PBXVariantGroup section */
		4C48D4E01D4AF5A900322116 /* Main.storyboard */ = {
			isa = PBXVariantGroup;
			children = (
				4C48D4E11D4AF5A900322116 /* Base */,
			);
			name = Main.storyboard;
			sourceTree = "<group>";
		};
		4C48D4E51D4AF5A900322116 /* LaunchScreen.storyboard */ = {
			isa = PBXVariantGroup;
			children = (
				4C48D4E61D4AF5A900322116 /* Base */,
			);
			name = LaunchScreen.storyboard;
			sourceTree = "<group>";
		};
/* End PBXVariantGroup section */

/* Begin XCBuildConfiguration section */
		4C48D4FF1D4AF5A900322116 /* Debug */ = {
			isa = XCBuildConfiguration;
			buildSettings = {
				ALWAYS_SEARCH_USER_PATHS = NO;
				CLANG_ANALYZER_NONNULL = YES;
				CLANG_CXX_LANGUAGE_STANDARD = "gnu++0x";
				CLANG_CXX_LIBRARY = "libc++";
				CLANG_ENABLE_MODULES = YES;
				CLANG_ENABLE_OBJC_ARC = YES;
				CLANG_WARN_BOOL_CONVERSION = YES;
				CLANG_WARN_CONSTANT_CONVERSION = YES;
				CLANG_WARN_DIRECT_OBJC_ISA_USAGE = YES_ERROR;
				CLANG_WARN_EMPTY_BODY = YES;
				CLANG_WARN_ENUM_CONVERSION = YES;
				CLANG_WARN_INT_CONVERSION = YES;
				CLANG_WARN_OBJC_ROOT_CLASS = YES_ERROR;
				CLANG_WARN_UNREACHABLE_CODE = YES;
				CLANG_WARN__DUPLICATE_METHOD_MATCH = YES;
				"CODE_SIGN_IDENTITY[sdk=iphoneos*]" = "iPhone Developer";
				COPY_PHASE_STRIP = NO;
				DEBUG_INFORMATION_FORMAT = dwarf;
				ENABLE_STRICT_OBJC_MSGSEND = YES;
				ENABLE_TESTABILITY = YES;
				GCC_C_LANGUAGE_STANDARD = gnu99;
				GCC_DYNAMIC_NO_PIC = NO;
				GCC_NO_COMMON_BLOCKS = YES;
				GCC_OPTIMIZATION_LEVEL = 0;
				GCC_PREPROCESSOR_DEFINITIONS = (
					"DEBUG=1",
					"$(inherited)",
				);
				GCC_WARN_64_TO_32_BIT_CONVERSION = YES;
				GCC_WARN_ABOUT_RETURN_TYPE = YES_ERROR;
				GCC_WARN_UNDECLARED_SELECTOR = YES;
				GCC_WARN_UNINITIALIZED_AUTOS = YES_AGGRESSIVE;
				GCC_WARN_UNUSED_FUNCTION = YES;
				GCC_WARN_UNUSED_VARIABLE = YES;
				IPHONEOS_DEPLOYMENT_TARGET = 9.3;
				MTL_ENABLE_DEBUG_INFO = YES;
				ONLY_ACTIVE_ARCH = YES;
				SDKROOT = iphoneos;
			};
			name = Debug;
		};
		4C48D5001D4AF5A900322116 /* Release */ = {
			isa = XCBuildConfiguration;
			buildSettings = {
				ALWAYS_SEARCH_USER_PATHS = NO;
				CLANG_ANALYZER_NONNULL = YES;
				CLANG_CXX_LANGUAGE_STANDARD = "gnu++0x";
				CLANG_CXX_LIBRARY = "libc++";
				CLANG_ENABLE_MODULES = YES;
				CLANG_ENABLE_OBJC_ARC = YES;
				CLANG_WARN_BOOL_CONVERSION = YES;
				CLANG_WARN_CONSTANT_CONVERSION = YES;
				CLANG_WARN_DIRECT_OBJC_ISA_USAGE = YES_ERROR;
				CLANG_WARN_EMPTY_BODY = YES;
				CLANG_WARN_ENUM_CONVERSION = YES;
				CLANG_WARN_INT_CONVERSION = YES;
				CLANG_WARN_OBJC_ROOT_CLASS = YES_ERROR;
				CLANG_WARN_UNREACHABLE_CODE = YES;
				CLANG_WARN__DUPLICATE_METHOD_MATCH = YES;
				"CODE_SIGN_IDENTITY[sdk=iphoneos*]" = "iPhone Developer";
				COPY_PHASE_STRIP = NO;
				DEBUG_INFORMATION_FORMAT = "dwarf-with-dsym";
				ENABLE_NS_ASSERTIONS = NO;
				ENABLE_STRICT_OBJC_MSGSEND = YES;
				GCC_C_LANGUAGE_STANDARD = gnu99;
				GCC_NO_COMMON_BLOCKS = YES;
				GCC_WARN_64_TO_32_BIT_CONVERSION = YES;
				GCC_WARN_ABOUT_RETURN_TYPE = YES_ERROR;
				GCC_WARN_UNDECLARED_SELECTOR = YES;
				GCC_WARN_UNINITIALIZED_AUTOS = YES_AGGRESSIVE;
				GCC_WARN_UNUSED_FUNCTION = YES;
				GCC_WARN_UNUSED_VARIABLE = YES;
				IPHONEOS_DEPLOYMENT_TARGET = 9.3;
				MTL_ENABLE_DEBUG_INFO = NO;
				SDKROOT = iphoneos;
				VALIDATE_PRODUCT = YES;
			};
			name = Release;
		};
		4C48D5021D4AF5A900322116 /* Debug */ = {
			isa = XCBuildConfiguration;
			buildSettings = {
				ASSETCATALOG_COMPILER_APPICON_NAME = AppIcon;
				INFOPLIST_FILE = KBLivePlayer/Info.plist;
				LD_RUNPATH_SEARCH_PATHS = "$(inherited) @executable_path/Frameworks";
				PRODUCT_BUNDLE_IDENTIFIER = com.3glasses.KBLivePlayer;
				PRODUCT_NAME = "$(TARGET_NAME)";
			};
			name = Debug;
		};
		4C48D5031D4AF5A900322116 /* Release */ = {
			isa = XCBuildConfiguration;
			buildSettings = {
				ASSETCATALOG_COMPILER_APPICON_NAME = AppIcon;
				INFOPLIST_FILE = KBLivePlayer/Info.plist;
				LD_RUNPATH_SEARCH_PATHS = "$(inherited) @executable_path/Frameworks";
				PRODUCT_BUNDLE_IDENTIFIER = com.3glasses.KBLivePlayer;
				PRODUCT_NAME = "$(TARGET_NAME)";
			};
			name = Release;
		};
		4C48D5051D4AF5A900322116 /* Debug */ = {
			isa = XCBuildConfiguration;
			buildSettings = {
				BUNDLE_LOADER = "$(TEST_HOST)";
				INFOPLIST_FILE = KBLivePlayerTests/Info.plist;
				LD_RUNPATH_SEARCH_PATHS = "$(inherited) @executable_path/Frameworks @loader_path/Frameworks";
				PRODUCT_BUNDLE_IDENTIFIER = com.3glasses.KBLivePlayerTests;
				PRODUCT_NAME = "$(TARGET_NAME)";
				TEST_HOST = "$(BUILT_PRODUCTS_DIR)/KBLivePlayer.app/KBLivePlayer";
			};
			name = Debug;
		};
		4C48D5061D4AF5A900322116 /* Release */ = {
			isa = XCBuildConfiguration;
			buildSettings = {
				BUNDLE_LOADER = "$(TEST_HOST)";
				INFOPLIST_FILE = KBLivePlayerTests/Info.plist;
				LD_RUNPATH_SEARCH_PATHS = "$(inherited) @executable_path/Frameworks @loader_path/Frameworks";
				PRODUCT_BUNDLE_IDENTIFIER = com.3glasses.KBLivePlayerTests;
				PRODUCT_NAME = "$(TARGET_NAME)";
				TEST_HOST = "$(BUILT_PRODUCTS_DIR)/KBLivePlayer.app/KBLivePlayer";
			};
			name = Release;
		};
		4C48D5081D4AF5A900322116 /* Debug */ = {
			isa = XCBuildConfiguration;
			buildSettings = {
				INFOPLIST_FILE = KBLivePlayerUITests/Info.plist;
				LD_RUNPATH_SEARCH_PATHS = "$(inherited) @executable_path/Frameworks @loader_path/Frameworks";
				PRODUCT_BUNDLE_IDENTIFIER = com.3glasses.KBLivePlayerUITests;
				PRODUCT_NAME = "$(TARGET_NAME)";
				TEST_TARGET_NAME = KBLivePlayer;
			};
			name = Debug;
		};
		4C48D5091D4AF5A900322116 /* Release */ = {
			isa = XCBuildConfiguration;
			buildSettings = {
				INFOPLIST_FILE = KBLivePlayerUITests/Info.plist;
				LD_RUNPATH_SEARCH_PATHS = "$(inherited) @executable_path/Frameworks @loader_path/Frameworks";
				PRODUCT_BUNDLE_IDENTIFIER = com.3glasses.KBLivePlayerUITests;
				PRODUCT_NAME = "$(TARGET_NAME)";
				TEST_TARGET_NAME = KBLivePlayer;
			};
			name = Release;
		};
/* End XCBuildConfiguration section */

/* Begin XCConfigurationList section */
		4C48D4CF1D4AF5A900322116 /* Build configuration list for PBXProject "KBLivePlayer" */ = {
			isa = XCConfigurationList;
			buildConfigurations = (
				4C48D4FF1D4AF5A900322116 /* Debug */,
				4C48D5001D4AF5A900322116 /* Release */,
			);
			defaultConfigurationIsVisible = 0;
			defaultConfigurationName = Release;
		};
		4C48D5011D4AF5A900322116 /* Build configuration list for PBXNativeTarget "KBLivePlayer" */ = {
			isa = XCConfigurationList;
			buildConfigurations = (
				4C48D5021D4AF5A900322116 /* Debug */,
				4C48D5031D4AF5A900322116 /* Release */,
			);
			defaultConfigurationIsVisible = 0;
			defaultConfigurationName = Release;
		};
		4C48D5041D4AF5A900322116 /* Build configuration list for PBXNativeTarget "KBLivePlayerTests" */ = {
			isa = XCConfigurationList;
			buildConfigurations = (
				4C48D5051D4AF5A900322116 /* Debug */,
				4C48D5061D4AF5A900322116 /* Release */,
			);
			defaultConfigurationIsVisible = 0;
			defaultConfigurationName = Release;
		};
		4C48D5071D4AF5A900322116 /* Build configuration list for PBXNativeTarget "KBLivePlayerUITests" */ = {
			isa = XCConfigurationList;
			buildConfigurations = (
				4C48D5081D4AF5A900322116 /* Debug */,
				4C48D5091D4AF5A900322116 /* Release */,
			);
			defaultConfigurationIsVisible = 0;
			defaultConfigurationName = Release;
		};
/* End XCConfigurationList section */
	};
	rootObject = 4C48D4CC1D4AF5A900322116 /* Project object */;
}
